// !$*UTF8*$!
{
	archiveVersion = 1;
	classes = {
	};
	objectVersion = 50;
	objects = {

/* Begin PBXBuildFile section */
		FCBE7F322356294F0083CB81 /* AppDelegate.swift in Sources */ = {isa = PBXBuildFile; fileRef = FCBE7F312356294F0083CB81 /* AppDelegate.swift */; };
		FCBE7F342356294F0083CB81 /* StarsViewController.swift in Sources */ = {isa = PBXBuildFile; fileRef = FCBE7F332356294F0083CB81 /* StarsViewController.swift */; };
		FCBE7F372356294F0083CB81 /* Main.storyboard in Resources */ = {isa = PBXBuildFile; fileRef = FCBE7F352356294F0083CB81 /* Main.storyboard */; };
		FCBE7F39235629520083CB81 /* Assets.xcassets in Resources */ = {isa = PBXBuildFile; fileRef = FCBE7F38235629520083CB81 /* Assets.xcassets */; };
		FCBE7F3C235629520083CB81 /* LaunchScreen.storyboard in Resources */ = {isa = PBXBuildFile; fileRef = FCBE7F3A235629520083CB81 /* LaunchScreen.storyboard */; };
		FCBE7F4423562DAC0083CB81 /* StarsTableViewCell.swift in Sources */ = {isa = PBXBuildFile; fileRef = FCBE7F4323562DAC0083CB81 /* StarsTableViewCell.swift */; };
/* End PBXBuildFile section */

/* Begin PBXFileReference section */
		FCBE7F2E2356294F0083CB81 /* Stars11.app */ = {isa = PBXFileReference; explicitFileType = wrapper.application; includeInIndex = 0; path = Stars11.app; sourceTree = BUILT_PRODUCTS_DIR; };
		FCBE7F312356294F0083CB81 /* AppDelegate.swift */ = {isa = PBXFileReference; lastKnownFileType = sourcecode.swift; path = AppDelegate.swift; sourceTree = "<group>"; };
		FCBE7F332356294F0083CB81 /* StarsViewController.swift */ = {isa = PBXFileReference; lastKnownFileType = sourcecode.swift; path = StarsViewController.swift; sourceTree = "<group>"; };
		FCBE7F362356294F0083CB81 /* Base */ = {isa = PBXFileReference; lastKnownFileType = file.storyboard; name = Base; path = Base.lproj/Main.storyboard; sourceTree = "<group>"; };
		FCBE7F38235629520083CB81 /* Assets.xcassets */ = {isa = PBXFileReference; lastKnownFileType = folder.assetcatalog; path = Assets.xcassets; sourceTree = "<group>"; };
		FCBE7F3B235629520083CB81 /* Base */ = {isa = PBXFileReference; lastKnownFileType = file.storyboard; name = Base; path = Base.lproj/LaunchScreen.storyboard; sourceTree = "<group>"; };
		FCBE7F3D235629520083CB81 /* Info.plist */ = {isa = PBXFileReference; lastKnownFileType = text.plist.xml; path = Info.plist; sourceTree = "<group>"; };
		FCBE7F4323562DAC0083CB81 /* StarsTableViewCell.swift */ = {isa = PBXFileReference; lastKnownFileType = sourcecode.swift; path = StarsTableViewCell.swift; sourceTree = "<group>"; };
/* End PBXFileReference section */

/* Begin PBXFrameworksBuildPhase section */
		FCBE7F2B2356294F0083CB81 /* Frameworks */ = {
			isa = PBXFrameworksBuildPhase;
			buildActionMask = 2147483647;
			files = (
			);
			runOnlyForDeploymentPostprocessing = 0;
		};
/* End PBXFrameworksBuildPhase section */

/* Begin PBXGroup section */
		FCBE7F252356294F0083CB81 = {
			isa = PBXGroup;
			children = (
				FCBE7F302356294F0083CB81 /* Stars11 */,
				FCBE7F2F2356294F0083CB81 /* Products */,
			);
			sourceTree = "<group>";
		};
		FCBE7F2F2356294F0083CB81 /* Products */ = {
			isa = PBXGroup;
			children = (
				FCBE7F2E2356294F0083CB81 /* Stars11.app */,
			);
			name = Products;
			sourceTree = "<group>";
		};
		FCBE7F302356294F0083CB81 /* Stars11 */ = {
			isa = PBXGroup;
			children = (
				FCBE7F312356294F0083CB81 /* AppDelegate.swift */,
				FCBE7F4323562DAC0083CB81 /* StarsTableViewCell.swift */,
				FCBE7F332356294F0083CB81 /* StarsViewController.swift */,
				FCBE7F352356294F0083CB81 /* Main.storyboard */,
				FCBE7F38235629520083CB81 /* Assets.xcassets */,
				FCBE7F3A235629520083CB81 /* LaunchScreen.storyboard */,
				FCBE7F3D235629520083CB81 /* Info.plist */,
			);
			path = Stars11;
			sourceTree = "<group>";
		};
/* End PBXGroup section */

/* Begin PBXNativeTarget section */
		FCBE7F2D2356294F0083CB81 /* Stars11 */ = {
			isa = PBXNativeTarget;
			buildConfigurationList = FCBE7F40235629520083CB81 /* Build configuration list for PBXNativeTarget "Stars11" */;
			buildPhases = (
				FCBE7F2A2356294F0083CB81 /* Sources */,
				FCBE7F2B2356294F0083CB81 /* Frameworks */,
				FCBE7F2C2356294F0083CB81 /* Resources */,
			);
			buildRules = (
			);
			dependencies = (
			);
			name = Stars11;
			productName = Stars11;
			productReference = FCBE7F2E2356294F0083CB81 /* Stars11.app */;
			productType = "com.apple.product-type.application";
		};
/* End PBXNativeTarget section */

/* Begin PBXProject section */
		FCBE7F262356294F0083CB81 /* Project object */ = {
			isa = PBXProject;
			attributes = {
				LastSwiftUpdateCheck = 1030;
				LastUpgradeCheck = 1030;
				ORGANIZATIONNAME = johnpitts;
				TargetAttributes = {
					FCBE7F2D2356294F0083CB81 = {
						CreatedOnToolsVersion = 10.3;
					};
				};
			};
			buildConfigurationList = FCBE7F292356294F0083CB81 /* Build configuration list for PBXProject "Stars11" */;
			compatibilityVersion = "Xcode 9.3";
			developmentRegion = en;
			hasScannedForEncodings = 0;
			knownRegions = (
				en,
				Base,
			);
			mainGroup = FCBE7F252356294F0083CB81;
			productRefGroup = FCBE7F2F2356294F0083CB81 /* Products */;
			projectDirPath = "";
			projectRoot = "";
			targets = (
				FCBE7F2D2356294F0083CB81 /* Stars11 */,
			);
		};
/* End PBXProject section */

/* Begin PBXResourcesBuildPhase section */
		FCBE7F2C2356294F0083CB81 /* Resources */ = {
			isa = PBXResourcesBuildPhase;
			buildActionMask = 2147483647;
			files = (
				FCBE7F3C235629520083CB81 /* LaunchScreen.storyboard in Resources */,
				FCBE7F39235629520083CB81 /* Assets.xcassets in Resources */,
				FCBE7F372356294F0083CB81 /* Main.storyboard in Resources */,
			);
			runOnlyForDeploymentPostprocessing = 0;
		};
/* End PBXResourcesBuildPhase section */

/* Begin PBXSourcesBuildPhase section */
		FCBE7F2A2356294F0083CB81 /* Sources */ = {
			isa = PBXSourcesBuildPhase;
			buildActionMask = 2147483647;
			files = (
				FCBE7F342356294F0083CB81 /* StarsViewController.swift in Sources */,
				FCBE7F4423562DAC0083CB81 /* StarsTableViewCell.swift in Sources */,
				FCBE7F322356294F0083CB81 /* AppDelegate.swift in Sources */,
			);
			runOnlyForDeploymentPostprocessing = 0;
		};
/* End PBXSourcesBuildPhase section */

/* Begin PBXVariantGroup section */
		FCBE7F352356294F0083CB81 /* Main.storyboard */ = {
			isa = PBXVariantGroup;
			children = (
				FCBE7F362356294F0083CB81 /* Base */,
			);
			name = Main.storyboard;
			sourceTree = "<group>";
		};
		FCBE7F3A235629520083CB81 /* LaunchScreen.storyboard */ = {
			isa = PBXVariantGroup;
			children = (
				FCBE7F3B235629520083CB81 /* Base */,
			);
			name = LaunchScreen.storyboard;
			sourceTree = "<group>";
		};
/* End PBXVariantGroup section */

/* Begin XCBuildConfiguration section */
		FCBE7F3E235629520083CB81 /* Debug */ = {
			isa = XCBuildConfiguration;
			buildSettings = {
				ALWAYS_SEARCH_USER_PATHS = NO;
				CLANG_ANALYZER_NONNULL = YES;
				CLANG_ANALYZER_NUMBER_OBJECT_CONVERSION = YES_AGGRESSIVE;
				CLANG_CXX_LANGUAGE_STANDARD = "gnu++14";
				CLANG_CXX_LIBRARY = "libc++";
				CLANG_ENABLE_MODULES = YES;
				CLANG_ENABLE_OBJC_ARC = YES;
				CLANG_ENABLE_OBJC_WEAK = YES;
				CLANG_WARN_BLOCK_CAPTURE_AUTORELEASING = YES;
				CLANG_WARN_BOOL_CONVERSION = YES;
				CLANG_WARN_COMMA = YES;
				CLANG_WARN_CONSTANT_CONVERSION = YES;
				CLANG_WARN_DEPRECATED_OBJC_IMPLEMENTATIONS = YES;
				CLANG_WARN_DIRECT_OBJC_ISA_USAGE = YES_ERROR;
				CLANG_WARN_DOCUMENTATION_COMMENTS = YES;
				CLANG_WARN_EMPTY_BODY = YES;
				CLANG_WARN_ENUM_CONVERSION = YES;
				CLANG_WARN_INFINITE_RECURSION = YES;
				CLANG_WARN_INT_CONVERSION = YES;
				CLANG_WARN_NON_LITERAL_NULL_CONVERSION = YES;
				CLANG_WARN_OBJC_IMPLICIT_RETAIN_SELF = YES;
				CLANG_WARN_OBJC_LITERAL_CONVERSION = YES;
				CLANG_WARN_OBJC_ROOT_CLASS = YES_ERROR;
				CLANG_WARN_RANGE_LOOP_ANALYSIS = YES;
				CLANG_WARN_STRICT_PROTOTYPES = YES;
				CLANG_WARN_SUSPICIOUS_MOVE = YES;
				CLANG_WARN_UNGUARDED_AVAILABILITY = YES_AGGRESSIVE;
				CLANG_WARN_UNREACHABLE_CODE = YES;
				CLANG_WARN__DUPLICATE_METHOD_MATCH = YES;
				CODE_SIGN_IDENTITY = "iPhone Developer";
				COPY_PHASE_STRIP = NO;
				DEBUG_INFORMATION_FORMAT = dwarf;
				ENABLE_STRICT_OBJC_MSGSEND = YES;
				ENABLE_TESTABILITY = YES;
				GCC_C_LANGUAGE_STANDARD = gnu11;
				GCC_DYNAMIC_NO_PIC = NO;
				GCC_NO_COMMON_BLOCKS = YES;
				GCC_OPTIMIZATION_LEVEL = 0;
				GCC_PREPROCESSOR_DEFINITIONS = (
					"DEBUG=1",
					"$(inherited)",
				);
				GCC_WARN_64_TO_32_BIT_CONVERSION = YES;
				GCC_WARN_ABOUT_RETURN_TYPE = YES_ERROR;
				GCC_WARN_UNDECLARED_SELECTOR = YES;
				GCC_WARN_UNINITIALIZED_AUTOS = YES_AGGRESSIVE;
				GCC_WARN_UNUSED_FUNCTION = YES;
				GCC_WARN_UNUSED_VARIABLE = YES;
				IPHONEOS_DEPLOYMENT_TARGET = 12.4;
				MTL_ENABLE_DEBUG_INFO = INCLUDE_SOURCE;
				MTL_FAST_MATH = YES;
				ONLY_ACTIVE_ARCH = YES;
				SDKROOT = iphoneos;
				SWIFT_ACTIVE_COMPILATION_CONDITIONS = DEBUG;
				SWIFT_OPTIMIZATION_LEVEL = "-Onone";
			};
			name = Debug;
		};
		FCBE7F3F235629520083CB81 /* Release */ = {
			isa = XCBuildConfiguration;
			buildSettings = {
				ALWAYS_SEARCH_USER_PATHS = NO;
				CLANG_ANALYZER_NONNULL = YES;
				CLANG_ANALYZER_NUMBER_OBJECT_CONVERSION = YES_AGGRESSIVE;
				CLANG_CXX_LANGUAGE_STANDARD = "gnu++14";
				CLANG_CXX_LIBRARY = "libc++";
				CLANG_ENABLE_MODULES = YES;
				CLANG_ENABLE_OBJC_ARC = YES;
				CLANG_ENABLE_OBJC_WEAK = YES;
				CLANG_WARN_BLOCK_CAPTURE_AUTORELEASING = YES;
				CLANG_WARN_BOOL_CONVERSION = YES;
				CLANG_WARN_COMMA = YES;
				CLANG_WARN_CONSTANT_CONVERSION = YES;
				CLANG_WARN_DEPRECATED_OBJC_IMPLEMENTATIONS = YES;
				CLANG_WARN_DIRECT_OBJC_ISA_USAGE = YES_ERROR;
				CLANG_WARN_DOCUMENTATION_COMMENTS = YES;
				CLANG_WARN_EMPTY_BODY = YES;
				CLANG_WARN_ENUM_CONVERSION = YES;
				CLANG_WARN_INFINITE_RECURSION = YES;
				CLANG_WARN_INT_CONVERSION = YES;
				CLANG_WARN_NON_LITERAL_NULL_CONVERSION = YES;
				CLANG_WARN_OBJC_IMPLICIT_RETAIN_SELF = YES;
				CLANG_WARN_OBJC_LITERAL_CONVERSION = YES;
				CLANG_WARN_OBJC_ROOT_CLASS = YES_ERROR;
				CLANG_WARN_RANGE_LOOP_ANALYSIS = YES;
				CLANG_WARN_STRICT_PROTOTYPES = YES;
				CLANG_WARN_SUSPICIOUS_MOVE = YES;
				CLANG_WARN_UNGUARDED_AVAILABILITY = YES_AGGRESSIVE;
				CLANG_WARN_UNREACHABLE_CODE = YES;
				CLANG_WARN__DUPLICATE_METHOD_MATCH = YES;
				CODE_SIGN_IDENTITY = "iPhone Developer";
				COPY_PHASE_STRIP = NO;
				DEBUG_INFORMATION_FORMAT = "dwarf-with-dsym";
				ENABLE_NS_ASSERTIONS = NO;
				ENABLE_STRICT_OBJC_MSGSEND = YES;
				GCC_C_LANGUAGE_STANDARD = gnu11;
				GCC_NO_COMMON_BLOCKS = YES;
				GCC_WARN_64_TO_32_BIT_CONVERSION = YES;
				GCC_WARN_ABOUT_RETURN_TYPE = YES_ERROR;
				GCC_WARN_UNDECLARED_SELECTOR = YES;
				GCC_WARN_UNINITIALIZED_AUTOS = YES_AGGRESSIVE;
				GCC_WARN_UNUSED_FUNCTION = YES;
				GCC_WARN_UNUSED_VARIABLE = YES;
				IPHONEOS_DEPLOYMENT_TARGET = 12.4;
				MTL_ENABLE_DEBUG_INFO = NO;
				MTL_FAST_MATH = YES;
				SDKROOT = iphoneos;
				SWIFT_COMPILATION_MODE = wholemodule;
				SWIFT_OPTIMIZATION_LEVEL = "-O";
				VALIDATE_PRODUCT = YES;
			};
			name = Release;
		};
		FCBE7F41235629520083CB81 /* Debug */ = {
			isa = XCBuildConfiguration;
			buildSettings = {
				ASSETCATALOG_COMPILER_APPICON_NAME = AppIcon;
				CODE_SIGN_STYLE = Automatic;
				DEVELOPMENT_TEAM = ASMS2YJYR9;
				INFOPLIST_FILE = Stars11/Info.plist;
				LD_RUNPATH_SEARCH_PATHS = (
					"$(inherited)",
					"@executable_path/Frameworks",
				);
				PRODUCT_BUNDLE_IDENTIFIER = com.johnpitts.Stars11;
				PRODUCT_NAME = "$(TARGET_NAME)";
				SWIFT_VERSION = 5.0;
				TARGETED_DEVICE_FAMILY = "1,2";
			};
			name = Debug;
		};
		FCBE7F42235629520083CB81 /* Release */ = {
			isa = XCBuildConfiguration;
			buildSettings = {
				ASSETCATALOG_COMPILER_APPICON_NAME = AppIcon;
				CODE_SIGN_STYLE = Automatic;
				DEVELOPMENT_TEAM = ASMS2YJYR9;
				INFOPLIST_FILE = Stars11/Info.plist;
				LD_RUNPATH_SEARCH_PATHS = (
					"$(inherited)",
					"@executable_path/Frameworks",
				);
				PRODUCT_BUNDLE_IDENTIFIER = com.johnpitts.Stars11;
				PRODUCT_NAME = "$(TARGET_NAME)";
				SWIFT_VERSION = 5.0;
				TARGETED_DEVICE_FAMILY = "1,2";
			};
			name = Release;
		};
/* End XCBuildConfiguration section */

/* Begin XCConfigurationList section */
		FCBE7F292356294F0083CB81 /* Build configuration list for PBXProject "Stars11" */ = {
			isa = XCConfigurationList;
			buildConfigurations = (
				FCBE7F3E235629520083CB81 /* Debug */,
				FCBE7F3F235629520083CB81 /* Release */,
			);
			defaultConfigurationIsVisible = 0;
			defaultConfigurationName = Release;
		};
		FCBE7F40235629520083CB81 /* Build configuration list for PBXNativeTarget "Stars11" */ = {
			isa = XCConfigurationList;
			buildConfigurations = (
				FCBE7F41235629520083CB81 /* Debug */,
				FCBE7F42235629520083CB81 /* Release */,
			);
			defaultConfigurationIsVisible = 0;
			defaultConfigurationName = Release;
		};
/* End XCConfigurationList section */
	};
	rootObject = FCBE7F262356294F0083CB81 /* Project object */;
}
